
Microsoft Visual Studio Solution File, Format Version 12.00
# Visual Studio Version 17
VisualStudioVersion = 17.13.35825.156 d17.13
MinimumVisualStudioVersion = 10.0.40219.1
Project("{FAE04EC0-301F-11D3-BF4B-00C04F79EFBC}") = "ToDoListClone.Api", "ToDoListClone.Api\ToDoListClone.Api.csproj", "{0519E96B-3573-4603-8BB3-1F9B66808964}"
EndProject
Project("{FAE04EC0-301F-11D3-BF4B-00C04F79EFBC}") = "ToDoListClone.Dal", "ToDoListClone.Dal\ToDoListClone.Dal.csproj", "{64E3DCAF-E0E7-4DFD-A185-EB5D7F70FF44}"
EndProject
Global
	GlobalSection(SolutionConfigurationPlatforms) = preSolution
		Debug|Any CPU = Debug|Any CPU
		Release|Any CPU = Release|Any CPU
	EndGlobalSection
	GlobalSection(ProjectConfigurationPlatforms) = postSolution
		{0519E96B-3573-4603-8BB3-1F9B66808964}.Debug|Any CPU.ActiveCfg = Debug|Any CPU
		{0519E96B-3573-4603-8BB3-1F9B66808964}.Debug|Any CPU.Build.0 = Debug|Any CPU
		{0519E96B-3573-4603-8BB3-1F9B66808964}.Release|Any CPU.ActiveCfg = Release|Any CPU
		{0519E96B-3573-4603-8BB3-1F9B66808964}.Release|Any CPU.Build.0 = Release|Any CPU
		{64E3DCAF-E0E7-4DFD-A185-EB5D7F70FF44}.Debug|Any CPU.ActiveCfg = Debug|Any CPU
		{64E3DCAF-E0E7-4DFD-A185-EB5D7F70FF44}.Debug|Any CPU.Build.0 = Debug|Any CPU
		{64E3DCAF-E0E7-4DFD-A185-EB5D7F70FF44}.Release|Any CPU.ActiveCfg = Release|Any CPU
		{64E3DCAF-E0E7-4DFD-A185-EB5D7F70FF44}.Release|Any CPU.Build.0 = Release|Any CPU
	EndGlobalSection
	GlobalSection(SolutionProperties) = preSolution
		HideSolutionNode = FALSE
	EndGlobalSection
	GlobalSection(ExtensibilityGlobals) = postSolution
		SolutionGuid = {B85F03CA-633F-45EE-B265-832553FC0BCB}
	EndGlobalSection
EndGlobal
